
Microsoft Visual Studio Solution File, Format Version 12.00
# Visual Studio Version 17
VisualStudioVersion = 17.11.35312.102
MinimumVisualStudioVersion = 10.0.40219.1
Project("{2150E333-8FDC-42A3-9474-1A3956D46DE8}") = "Task0", "Task0", "{FC94961F-4F1F-47E6-B944-1679A54E8A78}"
EndProject
Project("{9A19103F-16F7-4668-BE54-9A1E7A4F7556}") = "Tyuiu.BerezkinAA.Sprint3.Task0.V25", "Tyuiu.BerezkinAA.Sprint3.Task0.V25\Tyuiu.BerezkinAA.Sprint3.Task0.V25.csproj", "{C3B49F48-15E2-4D7F-AC7E-AF804EEAA186}"
EndProject
Project("{9A19103F-16F7-4668-BE54-9A1E7A4F7556}") = "Tyuiu.BerezkinAA.Sprint3.Task0.V25.Lib", "Tyuiu.BerezkinAA.Sprint3.Task0.V25.Lib\Tyuiu.BerezkinAA.Sprint3.Task0.V25.Lib.csproj", "{2B4E2106-C2D9-4543-B48E-AF47F6BA42C6}"
EndProject
Project("{9A19103F-16F7-4668-BE54-9A1E7A4F7556}") = "Tyuiu.BerezkinAA.Sprint3.Task0.V25.Test", "Tyuiu.BerezkinAA.Sprint3.Task0.V25.Test\Tyuiu.BerezkinAA.Sprint3.Task0.V25.Test.csproj", "{27143B2E-2B3F-4FED-8A2A-2EB311858B3E}"
EndProject
Project("{2150E333-8FDC-42A3-9474-1A3956D46DE8}") = "Task1", "Task1", "{F2567921-2ED0-4CCB-8F22-BEE2B5B365CA}"
EndProject
Project("{9A19103F-16F7-4668-BE54-9A1E7A4F7556}") = "Tyuiu.BerezkinAA.Sprint3.Task1.V12.Test", "Tyuiu.BerezkinAA.Sprint3.Task1.V12.Test\Tyuiu.BerezkinAA.Sprint3.Task1.V12.Test.csproj", "{1A9239FF-156F-4FD6-8148-D92E8BE9C4FC}"
EndProject
Project("{9A19103F-16F7-4668-BE54-9A1E7A4F7556}") = "Tyuiu.BerezkinAA.Sprint3.Task1.V12", "Tyuiu.BerezkinAA.Sprint3.Task1.V12\Tyuiu.BerezkinAA.Sprint3.Task1.V12.csproj", "{6F95C652-C162-4583-8882-5C828AE18FCA}"
EndProject
Project("{9A19103F-16F7-4668-BE54-9A1E7A4F7556}") = "Tyuiu.BerezkinAA.Sprint3.Task1.V12.Lib", "Tyuiu.BerezkinAA.Sprint3.Task1.V12.Lib\Tyuiu.BerezkinAA.Sprint3.Task1.V12.Lib.csproj", "{1315DEC0-73C6-44FD-8797-C84BCAA02207}"
EndProject
Project("{2150E333-8FDC-42A3-9474-1A3956D46DE8}") = "Task2", "Task2", "{25D9BD74-DBE6-49E9-8635-EAA237DF589F}"
EndProject
Project("{9A19103F-16F7-4668-BE54-9A1E7A4F7556}") = "Tyuiu.BerezkinAA.Sprint3.Task2.V13", "Tyuiu.BerezkinAA.Sprint3.Task2.V13\Tyuiu.BerezkinAA.Sprint3.Task2.V13.csproj", "{0C5A8B84-1A89-4492-9730-B0B8D87100BC}"
EndProject
Project("{9A19103F-16F7-4668-BE54-9A1E7A4F7556}") = "Tyuiu.BerezkinAA.Sprint3.Task2.V13.Lib", "Tyuiu.BerezkinAA.Sprint3.Task2.V13.Lib\Tyuiu.BerezkinAA.Sprint3.Task2.V13.Lib.csproj", "{D45CF513-CE01-46E0-A725-0EAFD2E51E45}"
EndProject
Project("{9A19103F-16F7-4668-BE54-9A1E7A4F7556}") = "Tyuiu.BerezkinAA.Sprint3.Task2.V13.Test", "Tyuiu.BerezkinAA.Sprint3.Task2.V13.Test\Tyuiu.BerezkinAA.Sprint3.Task2.V13.Test.csproj", "{6B56F598-A886-4FBF-AD28-AF133EFC265B}"
EndProject
Project("{2150E333-8FDC-42A3-9474-1A3956D46DE8}") = "Task3", "Task3", "{E5735470-2F86-4628-B1F3-C9A66286BFBD}"
EndProject
Project("{9A19103F-16F7-4668-BE54-9A1E7A4F7556}") = "Tyuiu.BerezkinAA.Sprint3.Task3.V19", "Tyuiu.BerezkinAA.Sprint3.Task3.V19\Tyuiu.BerezkinAA.Sprint3.Task3.V19.csproj", "{389079CC-6E62-4DB9-8096-7FD20CEE7F44}"
EndProject
Project("{9A19103F-16F7-4668-BE54-9A1E7A4F7556}") = "Tyuiu.BerezkinAA.Sprint3.Task3.V19.Lib", "Tyuiu.BerezkinAA.Sprint3.Task3.V19.Lib\Tyuiu.BerezkinAA.Sprint3.Task3.V19.Lib.csproj", "{78F7BC11-5DAF-4764-A642-82E9B80849F6}"
EndProject
Project("{9A19103F-16F7-4668-BE54-9A1E7A4F7556}") = "Tyuiu.BerezkinAA.Sprint3.Task3.V19.Test", "Tyuiu.BerezkinAA.Sprint3.Task3.V19.Test\Tyuiu.BerezkinAA.Sprint3.Task3.V19.Test.csproj", "{3E5389F1-8F9C-440E-B2F0-0D704A708C2F}"
EndProject
Project("{2150E333-8FDC-42A3-9474-1A3956D46DE8}") = "Task4", "Task4", "{6A05FC92-BF45-4C5C-BD0E-90FFF29B7C9A}"
EndProject
Project("{9A19103F-16F7-4668-BE54-9A1E7A4F7556}") = "Tyuiu.BerezkinAA.Sprint3.Task4.V30", "Tyuiu.BerezkinAA.Sprint3.Task4.V30\Tyuiu.BerezkinAA.Sprint3.Task4.V30.csproj", "{5DE7A8EF-196E-406B-93BE-59D3F2E77963}"
EndProject
Project("{9A19103F-16F7-4668-BE54-9A1E7A4F7556}") = "Tyuiu.BerezkinAA.Sprint3.Task4.V30.Lib", "Tyuiu.BerezkinAA.Sprint3.Task4.V30.Lib\Tyuiu.BerezkinAA.Sprint3.Task4.V30.Lib.csproj", "{DBBB0D3C-69A9-42CC-AD15-00085C4FCAA3}"
EndProject
Project("{9A19103F-16F7-4668-BE54-9A1E7A4F7556}") = "Tyuiu.BerezkinAA.Sprint3.Task4.V30.Test", "Tyuiu.BerezkinAA.Sprint3.Task4.V30.Test\Tyuiu.BerezkinAA.Sprint3.Task4.V30.Test.csproj", "{76C6104C-D29C-46DC-B14C-5840F779CB82}"
EndProject
Project("{2150E333-8FDC-42A3-9474-1A3956D46DE8}") = "Task5", "Task5", "{880D0B87-1D4D-4A0F-BAE4-6D2B68E52B4B}"
EndProject
Project("{FAE04EC0-301F-11D3-BF4B-00C04F79EFBC}") = "Tyuiu.BerezkinAA.Sprint3.Task5.V26", "Tyuiu.BerezkinAA.Sprint3.Task5.V26\Tyuiu.BerezkinAA.Sprint3.Task5.V26.csproj", "{1CCF0690-BC1E-4CD2-8CF0-D0BD2C4C2893}"
EndProject
Project("{FAE04EC0-301F-11D3-BF4B-00C04F79EFBC}") = "Tyuiu.BerezkinAA.Sprint3.Task5.V26.Lib", "Tyuiu.BerezkinAA.Sprint3.Task5.V26.Lib\Tyuiu.BerezkinAA.Sprint3.Task5.V26.Lib.csproj", "{12D638C0-B5B7-41BC-8C69-FDDDA033B5E7}"
EndProject
Project("{FAE04EC0-301F-11D3-BF4B-00C04F79EFBC}") = "Tyuiu.BerezkinAA.Sprint3.Task5.V26.Test", "Tyuiu.BerezkinAA.Sprint3.Task5.V26.Test\Tyuiu.BerezkinAA.Sprint3.Task5.V26.Test.csproj", "{B27FB914-0669-425B-B603-B74B9D187E92}"
EndProject
Global
	GlobalSection(SolutionConfigurationPlatforms) = preSolution
		Debug|Any CPU = Debug|Any CPU
		Release|Any CPU = Release|Any CPU
	EndGlobalSection
	GlobalSection(ProjectConfigurationPlatforms) = postSolution
		{C3B49F48-15E2-4D7F-AC7E-AF804EEAA186}.Debug|Any CPU.ActiveCfg = Debug|Any CPU
		{C3B49F48-15E2-4D7F-AC7E-AF804EEAA186}.Debug|Any CPU.Build.0 = Debug|Any CPU
		{C3B49F48-15E2-4D7F-AC7E-AF804EEAA186}.Release|Any CPU.ActiveCfg = Release|Any CPU
		{C3B49F48-15E2-4D7F-AC7E-AF804EEAA186}.Release|Any CPU.Build.0 = Release|Any CPU
		{2B4E2106-C2D9-4543-B48E-AF47F6BA42C6}.Debug|Any CPU.ActiveCfg = Debug|Any CPU
		{2B4E2106-C2D9-4543-B48E-AF47F6BA42C6}.Debug|Any CPU.Build.0 = Debug|Any CPU
		{2B4E2106-C2D9-4543-B48E-AF47F6BA42C6}.Release|Any CPU.ActiveCfg = Release|Any CPU
		{2B4E2106-C2D9-4543-B48E-AF47F6BA42C6}.Release|Any CPU.Build.0 = Release|Any CPU
		{27143B2E-2B3F-4FED-8A2A-2EB311858B3E}.Debug|Any CPU.ActiveCfg = Debug|Any CPU
		{27143B2E-2B3F-4FED-8A2A-2EB311858B3E}.Debug|Any CPU.Build.0 = Debug|Any CPU
		{27143B2E-2B3F-4FED-8A2A-2EB311858B3E}.Release|Any CPU.ActiveCfg = Release|Any CPU
		{27143B2E-2B3F-4FED-8A2A-2EB311858B3E}.Release|Any CPU.Build.0 = Release|Any CPU
		{1A9239FF-156F-4FD6-8148-D92E8BE9C4FC}.Debug|Any CPU.ActiveCfg = Debug|Any CPU
		{1A9239FF-156F-4FD6-8148-D92E8BE9C4FC}.Debug|Any CPU.Build.0 = Debug|Any CPU
		{1A9239FF-156F-4FD6-8148-D92E8BE9C4FC}.Release|Any CPU.ActiveCfg = Release|Any CPU
		{1A9239FF-156F-4FD6-8148-D92E8BE9C4FC}.Release|Any CPU.Build.0 = Release|Any CPU
		{6F95C652-C162-4583-8882-5C828AE18FCA}.Debug|Any CPU.ActiveCfg = Debug|Any CPU
		{6F95C652-C162-4583-8882-5C828AE18FCA}.Debug|Any CPU.Build.0 = Debug|Any CPU
		{6F95C652-C162-4583-8882-5C828AE18FCA}.Release|Any CPU.ActiveCfg = Release|Any CPU
		{6F95C652-C162-4583-8882-5C828AE18FCA}.Release|Any CPU.Build.0 = Release|Any CPU
		{1315DEC0-73C6-44FD-8797-C84BCAA02207}.Debug|Any CPU.ActiveCfg = Debug|Any CPU
		{1315DEC0-73C6-44FD-8797-C84BCAA02207}.Debug|Any CPU.Build.0 = Debug|Any CPU
		{1315DEC0-73C6-44FD-8797-C84BCAA02207}.Release|Any CPU.ActiveCfg = Release|Any CPU
		{1315DEC0-73C6-44FD-8797-C84BCAA02207}.Release|Any CPU.Build.0 = Release|Any CPU
		{0C5A8B84-1A89-4492-9730-B0B8D87100BC}.Debug|Any CPU.ActiveCfg = Debug|Any CPU
		{0C5A8B84-1A89-4492-9730-B0B8D87100BC}.Debug|Any CPU.Build.0 = Debug|Any CPU
		{0C5A8B84-1A89-4492-9730-B0B8D87100BC}.Release|Any CPU.ActiveCfg = Release|Any CPU
		{0C5A8B84-1A89-4492-9730-B0B8D87100BC}.Release|Any CPU.Build.0 = Release|Any CPU
		{D45CF513-CE01-46E0-A725-0EAFD2E51E45}.Debug|Any CPU.ActiveCfg = Debug|Any CPU
		{D45CF513-CE01-46E0-A725-0EAFD2E51E45}.Debug|Any CPU.Build.0 = Debug|Any CPU
		{D45CF513-CE01-46E0-A725-0EAFD2E51E45}.Release|Any CPU.ActiveCfg = Release|Any CPU
		{D45CF513-CE01-46E0-A725-0EAFD2E51E45}.Release|Any CPU.Build.0 = Release|Any CPU
		{6B56F598-A886-4FBF-AD28-AF133EFC265B}.Debug|Any CPU.ActiveCfg = Debug|Any CPU
		{6B56F598-A886-4FBF-AD28-AF133EFC265B}.Debug|Any CPU.Build.0 = Debug|Any CPU
		{6B56F598-A886-4FBF-AD28-AF133EFC265B}.Release|Any CPU.ActiveCfg = Release|Any CPU
		{6B56F598-A886-4FBF-AD28-AF133EFC265B}.Release|Any CPU.Build.0 = Release|Any CPU
		{389079CC-6E62-4DB9-8096-7FD20CEE7F44}.Debug|Any CPU.ActiveCfg = Debug|Any CPU
		{389079CC-6E62-4DB9-8096-7FD20CEE7F44}.Debug|Any CPU.Build.0 = Debug|Any CPU
		{389079CC-6E62-4DB9-8096-7FD20CEE7F44}.Release|Any CPU.ActiveCfg = Release|Any CPU
		{389079CC-6E62-4DB9-8096-7FD20CEE7F44}.Release|Any CPU.Build.0 = Release|Any CPU
		{78F7BC11-5DAF-4764-A642-82E9B80849F6}.Debug|Any CPU.ActiveCfg = Debug|Any CPU
		{78F7BC11-5DAF-4764-A642-82E9B80849F6}.Debug|Any CPU.Build.0 = Debug|Any CPU
		{78F7BC11-5DAF-4764-A642-82E9B80849F6}.Release|Any CPU.ActiveCfg = Release|Any CPU
		{78F7BC11-5DAF-4764-A642-82E9B80849F6}.Release|Any CPU.Build.0 = Release|Any CPU
		{3E5389F1-8F9C-440E-B2F0-0D704A708C2F}.Debug|Any CPU.ActiveCfg = Debug|Any CPU
		{3E5389F1-8F9C-440E-B2F0-0D704A708C2F}.Debug|Any CPU.Build.0 = Debug|Any CPU
		{3E5389F1-8F9C-440E-B2F0-0D704A708C2F}.Release|Any CPU.ActiveCfg = Release|Any CPU
		{3E5389F1-8F9C-440E-B2F0-0D704A708C2F}.Release|Any CPU.Build.0 = Release|Any CPU
		{5DE7A8EF-196E-406B-93BE-59D3F2E77963}.Debug|Any CPU.ActiveCfg = Debug|Any CPU
		{5DE7A8EF-196E-406B-93BE-59D3F2E77963}.Debug|Any CPU.Build.0 = Debug|Any CPU
		{5DE7A8EF-196E-406B-93BE-59D3F2E77963}.Release|Any CPU.ActiveCfg = Release|Any CPU
		{5DE7A8EF-196E-406B-93BE-59D3F2E77963}.Release|Any CPU.Build.0 = Release|Any CPU
		{DBBB0D3C-69A9-42CC-AD15-00085C4FCAA3}.Debug|Any CPU.ActiveCfg = Debug|Any CPU
		{DBBB0D3C-69A9-42CC-AD15-00085C4FCAA3}.Debug|Any CPU.Build.0 = Debug|Any CPU
		{DBBB0D3C-69A9-42CC-AD15-00085C4FCAA3}.Release|Any CPU.ActiveCfg = Release|Any CPU
		{DBBB0D3C-69A9-42CC-AD15-00085C4FCAA3}.Release|Any CPU.Build.0 = Release|Any CPU
		{76C6104C-D29C-46DC-B14C-5840F779CB82}.Debug|Any CPU.ActiveCfg = Debug|Any CPU
		{76C6104C-D29C-46DC-B14C-5840F779CB82}.Debug|Any CPU.Build.0 = Debug|Any CPU
		{76C6104C-D29C-46DC-B14C-5840F779CB82}.Release|Any CPU.ActiveCfg = Release|Any CPU
		{76C6104C-D29C-46DC-B14C-5840F779CB82}.Release|Any CPU.Build.0 = Release|Any CPU
		{1CCF0690-BC1E-4CD2-8CF0-D0BD2C4C2893}.Debug|Any CPU.ActiveCfg = Debug|Any CPU
		{1CCF0690-BC1E-4CD2-8CF0-D0BD2C4C2893}.Debug|Any CPU.Build.0 = Debug|Any CPU
		{1CCF0690-BC1E-4CD2-8CF0-D0BD2C4C2893}.Release|Any CPU.ActiveCfg = Release|Any CPU
		{1CCF0690-BC1E-4CD2-8CF0-D0BD2C4C2893}.Release|Any CPU.Build.0 = Release|Any CPU
		{12D638C0-B5B7-41BC-8C69-FDDDA033B5E7}.Debug|Any CPU.ActiveCfg = Debug|Any CPU
		{12D638C0-B5B7-41BC-8C69-FDDDA033B5E7}.Debug|Any CPU.Build.0 = Debug|Any CPU
		{12D638C0-B5B7-41BC-8C69-FDDDA033B5E7}.Release|Any CPU.ActiveCfg = Release|Any CPU
		{12D638C0-B5B7-41BC-8C69-FDDDA033B5E7}.Release|Any CPU.Build.0 = Release|Any CPU
		{B27FB914-0669-425B-B603-B74B9D187E92}.Debug|Any CPU.ActiveCfg = Debug|Any CPU
		{B27FB914-0669-425B-B603-B74B9D187E92}.Debug|Any CPU.Build.0 = Debug|Any CPU
		{B27FB914-0669-425B-B603-B74B9D187E92}.Release|Any CPU.ActiveCfg = Release|Any CPU
		{B27FB914-0669-425B-B603-B74B9D187E92}.Release|Any CPU.Build.0 = Release|Any CPU
	EndGlobalSection
	GlobalSection(SolutionProperties) = preSolution
		HideSolutionNode = FALSE
	EndGlobalSection
	GlobalSection(NestedProjects) = preSolution
		{C3B49F48-15E2-4D7F-AC7E-AF804EEAA186} = {FC94961F-4F1F-47E6-B944-1679A54E8A78}
		{2B4E2106-C2D9-4543-B48E-AF47F6BA42C6} = {FC94961F-4F1F-47E6-B944-1679A54E8A78}
		{27143B2E-2B3F-4FED-8A2A-2EB311858B3E} = {FC94961F-4F1F-47E6-B944-1679A54E8A78}
		{1A9239FF-156F-4FD6-8148-D92E8BE9C4FC} = {F2567921-2ED0-4CCB-8F22-BEE2B5B365CA}
		{6F95C652-C162-4583-8882-5C828AE18FCA} = {F2567921-2ED0-4CCB-8F22-BEE2B5B365CA}
		{1315DEC0-73C6-44FD-8797-C84BCAA02207} = {F2567921-2ED0-4CCB-8F22-BEE2B5B365CA}
		{0C5A8B84-1A89-4492-9730-B0B8D87100BC} = {25D9BD74-DBE6-49E9-8635-EAA237DF589F}
		{D45CF513-CE01-46E0-A725-0EAFD2E51E45} = {25D9BD74-DBE6-49E9-8635-EAA237DF589F}
		{6B56F598-A886-4FBF-AD28-AF133EFC265B} = {25D9BD74-DBE6-49E9-8635-EAA237DF589F}
		{389079CC-6E62-4DB9-8096-7FD20CEE7F44} = {E5735470-2F86-4628-B1F3-C9A66286BFBD}
		{78F7BC11-5DAF-4764-A642-82E9B80849F6} = {E5735470-2F86-4628-B1F3-C9A66286BFBD}
		{3E5389F1-8F9C-440E-B2F0-0D704A708C2F} = {E5735470-2F86-4628-B1F3-C9A66286BFBD}
		{5DE7A8EF-196E-406B-93BE-59D3F2E77963} = {6A05FC92-BF45-4C5C-BD0E-90FFF29B7C9A}
		{DBBB0D3C-69A9-42CC-AD15-00085C4FCAA3} = {6A05FC92-BF45-4C5C-BD0E-90FFF29B7C9A}
		{76C6104C-D29C-46DC-B14C-5840F779CB82} = {6A05FC92-BF45-4C5C-BD0E-90FFF29B7C9A}
		{1CCF0690-BC1E-4CD2-8CF0-D0BD2C4C2893} = {880D0B87-1D4D-4A0F-BAE4-6D2B68E52B4B}
		{12D638C0-B5B7-41BC-8C69-FDDDA033B5E7} = {880D0B87-1D4D-4A0F-BAE4-6D2B68E52B4B}
		{B27FB914-0669-425B-B603-B74B9D187E92} = {880D0B87-1D4D-4A0F-BAE4-6D2B68E52B4B}
	EndGlobalSection
	GlobalSection(ExtensibilityGlobals) = postSolution
		SolutionGuid = {AC694E89-496B-4C01-9DCD-C54E3C7C8C8A}
	EndGlobalSection
EndGlobal
